{
  "lockfileVersion": 1,
  "workspaces": {
    "": {
      "name": "app-config",
    },
    "packages/config": {
      "name": "@layerfig/config",
      "version": "0.0.1",
    },
    "packages/schema-gen": {
      "name": "@layerfig/schema-gen",
      "version": "0.0.1",
    },
  },
  "packages": {
    "@layerfig/config": ["@layerfig/config@workspace:packages/config"],

    "@layerfig/schema-gen": ["@layerfig/schema-gen@workspace:packages/schema-gen"],
  }
}
